// !$*UTF8*$!
{
	archiveVersion = 1;
	classes = {
	};
	objectVersion = 50;
	objects = {

/* Begin PBXBuildFile section */
		5203A7BD2695CEB30042FEF3 /* AppDelegate.swift in Sources */ = {isa = PBXBuildFile; fileRef = 5203A7BC2695CEB30042FEF3 /* AppDelegate.swift */; };
		5203A7BF2695CEB30042FEF3 /* SceneDelegate.swift in Sources */ = {isa = PBXBuildFile; fileRef = 5203A7BE2695CEB30042FEF3 /* SceneDelegate.swift */; };
		5203A7C12695CEB30042FEF3 /* HomeViewController.swift in Sources */ = {isa = PBXBuildFile; fileRef = 5203A7C02695CEB30042FEF3 /* HomeViewController.swift */; };
		5203A7C62695CEB60042FEF3 /* Assets.xcassets in Resources */ = {isa = PBXBuildFile; fileRef = 5203A7C52695CEB60042FEF3 /* Assets.xcassets */; };
		5203A7C92695CEB60042FEF3 /* LaunchScreen.storyboard in Resources */ = {isa = PBXBuildFile; fileRef = 5203A7C72695CEB60042FEF3 /* LaunchScreen.storyboard */; };
		5203A7D52695D2890042FEF3 /* UIImage+Ext.swift in Sources */ = {isa = PBXBuildFile; fileRef = 5203A7D42695D2890042FEF3 /* UIImage+Ext.swift */; };
		5203A7DB2695E1760042FEF3 /* HomePhotosCollectionView.swift in Sources */ = {isa = PBXBuildFile; fileRef = 5203A7DA2695E1760042FEF3 /* HomePhotosCollectionView.swift */; };
		5203A7DE2695E4F20042FEF3 /* HomePhotosCell.swift in Sources */ = {isa = PBXBuildFile; fileRef = 5203A7DD2695E4F20042FEF3 /* HomePhotosCell.swift */; };
		5203A7E12695E5730042FEF3 /* UIView+Ext.swift in Sources */ = {isa = PBXBuildFile; fileRef = 5203A7E02695E5730042FEF3 /* UIView+Ext.swift */; };
		525A8605269C63EE00612A33 /* StoriesCell.swift in Sources */ = {isa = PBXBuildFile; fileRef = 525A8604269C63EE00612A33 /* StoriesCell.swift */; };
/* End PBXBuildFile section */

/* Begin PBXFileReference section */
		5203A7B92695CEB30042FEF3 /* InstagramRedesigned.app */ = {isa = PBXFileReference; explicitFileType = wrapper.application; includeInIndex = 0; path = InstagramRedesigned.app; sourceTree = BUILT_PRODUCTS_DIR; };
		5203A7BC2695CEB30042FEF3 /* AppDelegate.swift */ = {isa = PBXFileReference; lastKnownFileType = sourcecode.swift; path = AppDelegate.swift; sourceTree = "<group>"; };
		5203A7BE2695CEB30042FEF3 /* SceneDelegate.swift */ = {isa = PBXFileReference; lastKnownFileType = sourcecode.swift; path = SceneDelegate.swift; sourceTree = "<group>"; };
		5203A7C02695CEB30042FEF3 /* HomeViewController.swift */ = {isa = PBXFileReference; lastKnownFileType = sourcecode.swift; path = HomeViewController.swift; sourceTree = "<group>"; };
		5203A7C52695CEB60042FEF3 /* Assets.xcassets */ = {isa = PBXFileReference; lastKnownFileType = folder.assetcatalog; path = Assets.xcassets; sourceTree = "<group>"; };
		5203A7C82695CEB60042FEF3 /* Base */ = {isa = PBXFileReference; lastKnownFileType = file.storyboard; name = Base; path = Base.lproj/LaunchScreen.storyboard; sourceTree = "<group>"; };
		5203A7CA2695CEB60042FEF3 /* Info.plist */ = {isa = PBXFileReference; lastKnownFileType = text.plist.xml; path = Info.plist; sourceTree = "<group>"; };
		5203A7D42695D2890042FEF3 /* UIImage+Ext.swift */ = {isa = PBXFileReference; lastKnownFileType = sourcecode.swift; path = "UIImage+Ext.swift"; sourceTree = "<group>"; };
		5203A7DA2695E1760042FEF3 /* HomePhotosCollectionView.swift */ = {isa = PBXFileReference; lastKnownFileType = sourcecode.swift; path = HomePhotosCollectionView.swift; sourceTree = "<group>"; };
		5203A7DD2695E4F20042FEF3 /* HomePhotosCell.swift */ = {isa = PBXFileReference; lastKnownFileType = sourcecode.swift; path = HomePhotosCell.swift; sourceTree = "<group>"; };
		5203A7E02695E5730042FEF3 /* UIView+Ext.swift */ = {isa = PBXFileReference; lastKnownFileType = sourcecode.swift; path = "UIView+Ext.swift"; sourceTree = "<group>"; };
		525A8604269C63EE00612A33 /* StoriesCell.swift */ = {isa = PBXFileReference; lastKnownFileType = sourcecode.swift; path = StoriesCell.swift; sourceTree = "<group>"; };
/* End PBXFileReference section */

/* Begin PBXFrameworksBuildPhase section */
		5203A7B62695CEB30042FEF3 /* Frameworks */ = {
			isa = PBXFrameworksBuildPhase;
			buildActionMask = 2147483647;
			files = (
			);
			runOnlyForDeploymentPostprocessing = 0;
		};
/* End PBXFrameworksBuildPhase section */

/* Begin PBXGroup section */
		5203A7B02695CEB30042FEF3 = {
			isa = PBXGroup;
			children = (
				5203A7BB2695CEB30042FEF3 /* InstagramRedesigned */,
				5203A7BA2695CEB30042FEF3 /* Products */,
			);
			sourceTree = "<group>";
		};
		5203A7BA2695CEB30042FEF3 /* Products */ = {
			isa = PBXGroup;
			children = (
				5203A7B92695CEB30042FEF3 /* InstagramRedesigned.app */,
			);
			name = Products;
			sourceTree = "<group>";
		};
		5203A7BB2695CEB30042FEF3 /* InstagramRedesigned */ = {
			isa = PBXGroup;
			children = (
				5203A7BC2695CEB30042FEF3 /* AppDelegate.swift */,
				5203A7BE2695CEB30042FEF3 /* SceneDelegate.swift */,
				5203A7D72695D2D20042FEF3 /* Extensions */,
				5203A7D92695E1070042FEF3 /* Views */,
				5203A7C02695CEB30042FEF3 /* HomeViewController.swift */,
				5203A7C52695CEB60042FEF3 /* Assets.xcassets */,
				5203A7C72695CEB60042FEF3 /* LaunchScreen.storyboard */,
				5203A7CA2695CEB60042FEF3 /* Info.plist */,
			);
			path = InstagramRedesigned;
			sourceTree = "<group>";
		};
		5203A7D72695D2D20042FEF3 /* Extensions */ = {
			isa = PBXGroup;
			children = (
				5203A7E02695E5730042FEF3 /* UIView+Ext.swift */,
				5203A7D42695D2890042FEF3 /* UIImage+Ext.swift */,
			);
			path = Extensions;
			sourceTree = "<group>";
		};
		5203A7D92695E1070042FEF3 /* Views */ = {
			isa = PBXGroup;
			children = (
				525A85FB269C5C7100612A33 /* PostsCollectionView */,
			);
			path = Views;
			sourceTree = "<group>";
		};
		525A85FB269C5C7100612A33 /* PostsCollectionView */ = {
			isa = PBXGroup;
			children = (
				5203A7DA2695E1760042FEF3 /* HomePhotosCollectionView.swift */,
				5203A7DD2695E4F20042FEF3 /* HomePhotosCell.swift */,
				525A85FD269C5C7F00612A33 /* StoriesBlock */,
			);
			path = PostsCollectionView;
			sourceTree = "<group>";
		};
		525A85FD269C5C7F00612A33 /* StoriesBlock */ = {
			isa = PBXGroup;
			children = (
				525A8604269C63EE00612A33 /* StoriesCell.swift */,
			);
			path = StoriesBlock;
			sourceTree = "<group>";
		};
/* End PBXGroup section */

/* Begin PBXNativeTarget section */
		5203A7B82695CEB30042FEF3 /* InstagramRedesigned */ = {
			isa = PBXNativeTarget;
			buildConfigurationList = 5203A7CD2695CEB60042FEF3 /* Build configuration list for PBXNativeTarget "InstagramRedesigned" */;
			buildPhases = (
				5203A7B52695CEB30042FEF3 /* Sources */,
				5203A7B62695CEB30042FEF3 /* Frameworks */,
				5203A7B72695CEB30042FEF3 /* Resources */,
			);
			buildRules = (
			);
			dependencies = (
			);
			name = InstagramRedesigned;
			productName = InstagramRedesigned;
			productReference = 5203A7B92695CEB30042FEF3 /* InstagramRedesigned.app */;
			productType = "com.apple.product-type.application";
		};
/* End PBXNativeTarget section */

/* Begin PBXProject section */
		5203A7B12695CEB30042FEF3 /* Project object */ = {
			isa = PBXProject;
			attributes = {
				LastSwiftUpdateCheck = 1240;
				LastUpgradeCheck = 1240;
				TargetAttributes = {
					5203A7B82695CEB30042FEF3 = {
						CreatedOnToolsVersion = 12.4;
					};
				};
			};
			buildConfigurationList = 5203A7B42695CEB30042FEF3 /* Build configuration list for PBXProject "InstagramRedesigned" */;
			compatibilityVersion = "Xcode 9.3";
			developmentRegion = en;
			hasScannedForEncodings = 0;
			knownRegions = (
				en,
				Base,
			);
			mainGroup = 5203A7B02695CEB30042FEF3;
			productRefGroup = 5203A7BA2695CEB30042FEF3 /* Products */;
			projectDirPath = "";
			projectRoot = "";
			targets = (
				5203A7B82695CEB30042FEF3 /* InstagramRedesigned */,
			);
		};
/* End PBXProject section */

/* Begin PBXResourcesBuildPhase section */
		5203A7B72695CEB30042FEF3 /* Resources */ = {
			isa = PBXResourcesBuildPhase;
			buildActionMask = 2147483647;
			files = (
				5203A7C92695CEB60042FEF3 /* LaunchScreen.storyboard in Resources */,
				5203A7C62695CEB60042FEF3 /* Assets.xcassets in Resources */,
			);
			runOnlyForDeploymentPostprocessing = 0;
		};
/* End PBXResourcesBuildPhase section */

/* Begin PBXSourcesBuildPhase section */
		5203A7B52695CEB30042FEF3 /* Sources */ = {
			isa = PBXSourcesBuildPhase;
			buildActionMask = 2147483647;
			files = (
				525A8605269C63EE00612A33 /* StoriesCell.swift in Sources */,
				5203A7C12695CEB30042FEF3 /* HomeViewController.swift in Sources */,
				5203A7D52695D2890042FEF3 /* UIImage+Ext.swift in Sources */,
				5203A7BD2695CEB30042FEF3 /* AppDelegate.swift in Sources */,
				5203A7BF2695CEB30042FEF3 /* SceneDelegate.swift in Sources */,
				5203A7E12695E5730042FEF3 /* UIView+Ext.swift in Sources */,
				5203A7DB2695E1760042FEF3 /* HomePhotosCollectionView.swift in Sources */,
				5203A7DE2695E4F20042FEF3 /* HomePhotosCell.swift in Sources */,
			);
			runOnlyForDeploymentPostprocessing = 0;
		};
/* End PBXSourcesBuildPhase section */

/* Begin PBXVariantGroup section */
		5203A7C72695CEB60042FEF3 /* LaunchScreen.storyboard */ = {
			isa = PBXVariantGroup;
			children = (
				5203A7C82695CEB60042FEF3 /* Base */,
			);
			name = LaunchScreen.storyboard;
			sourceTree = "<group>";
		};
/* End PBXVariantGroup section */

/* Begin XCBuildConfiguration section */
		5203A7CB2695CEB60042FEF3 /* Debug */ = {
			isa = XCBuildConfiguration;
			buildSettings = {
				ALWAYS_SEARCH_USER_PATHS = NO;
				CLANG_ANALYZER_NONNULL = YES;
				CLANG_ANALYZER_NUMBER_OBJECT_CONVERSION = YES_AGGRESSIVE;
				CLANG_CXX_LANGUAGE_STANDARD = "gnu++14";
				CLANG_CXX_LIBRARY = "libc++";
				CLANG_ENABLE_MODULES = YES;
				CLANG_ENABLE_OBJC_ARC = YES;
				CLANG_ENABLE_OBJC_WEAK = YES;
				CLANG_WARN_BLOCK_CAPTURE_AUTORELEASING = YES;
				CLANG_WARN_BOOL_CONVERSION = YES;
				CLANG_WARN_COMMA = YES;
				CLANG_WARN_CONSTANT_CONVERSION = YES;
				CLANG_WARN_DEPRECATED_OBJC_IMPLEMENTATIONS = YES;
				CLANG_WARN_DIRECT_OBJC_ISA_USAGE = YES_ERROR;
				CLANG_WARN_DOCUMENTATION_COMMENTS = YES;
				CLANG_WARN_EMPTY_BODY = YES;
				CLANG_WARN_ENUM_CONVERSION = YES;
				CLANG_WARN_INFINITE_RECURSION = YES;
				CLANG_WARN_INT_CONVERSION = YES;
				CLANG_WARN_NON_LITERAL_NULL_CONVERSION = YES;
				CLANG_WARN_OBJC_IMPLICIT_RETAIN_SELF = YES;
				CLANG_WARN_OBJC_LITERAL_CONVERSION = YES;
				CLANG_WARN_OBJC_ROOT_CLASS = YES_ERROR;
				CLANG_WARN_QUOTED_INCLUDE_IN_FRAMEWORK_HEADER = YES;
				CLANG_WARN_RANGE_LOOP_ANALYSIS = YES;
				CLANG_WARN_STRICT_PROTOTYPES = YES;
				CLANG_WARN_SUSPICIOUS_MOVE = YES;
				CLANG_WARN_UNGUARDED_AVAILABILITY = YES_AGGRESSIVE;
				CLANG_WARN_UNREACHABLE_CODE = YES;
				CLANG_WARN__DUPLICATE_METHOD_MATCH = YES;
				COPY_PHASE_STRIP = NO;
				DEBUG_INFORMATION_FORMAT = dwarf;
				ENABLE_STRICT_OBJC_MSGSEND = YES;
				ENABLE_TESTABILITY = YES;
				GCC_C_LANGUAGE_STANDARD = gnu11;
				GCC_DYNAMIC_NO_PIC = NO;
				GCC_NO_COMMON_BLOCKS = YES;
				GCC_OPTIMIZATION_LEVEL = 0;
				GCC_PREPROCESSOR_DEFINITIONS = (
					"DEBUG=1",
					"$(inherited)",
				);
				GCC_WARN_64_TO_32_BIT_CONVERSION = YES;
				GCC_WARN_ABOUT_RETURN_TYPE = YES_ERROR;
				GCC_WARN_UNDECLARED_SELECTOR = YES;
				GCC_WARN_UNINITIALIZED_AUTOS = YES_AGGRESSIVE;
				GCC_WARN_UNUSED_FUNCTION = YES;
				GCC_WARN_UNUSED_VARIABLE = YES;
				IPHONEOS_DEPLOYMENT_TARGET = 14.4;
				MTL_ENABLE_DEBUG_INFO = INCLUDE_SOURCE;
				MTL_FAST_MATH = YES;
				ONLY_ACTIVE_ARCH = YES;
				SDKROOT = iphoneos;
				SWIFT_ACTIVE_COMPILATION_CONDITIONS = DEBUG;
				SWIFT_OPTIMIZATION_LEVEL = "-Onone";
			};
			name = Debug;
		};
		5203A7CC2695CEB60042FEF3 /* Release */ = {
			isa = XCBuildConfiguration;
			buildSettings = {
				ALWAYS_SEARCH_USER_PATHS = NO;
				CLANG_ANALYZER_NONNULL = YES;
				CLANG_ANALYZER_NUMBER_OBJECT_CONVERSION = YES_AGGRESSIVE;
				CLANG_CXX_LANGUAGE_STANDARD = "gnu++14";
				CLANG_CXX_LIBRARY = "libc++";
				CLANG_ENABLE_MODULES = YES;
				CLANG_ENABLE_OBJC_ARC = YES;
				CLANG_ENABLE_OBJC_WEAK = YES;
				CLANG_WARN_BLOCK_CAPTURE_AUTORELEASING = YES;
				CLANG_WARN_BOOL_CONVERSION = YES;
				CLANG_WARN_COMMA = YES;
				CLANG_WARN_CONSTANT_CONVERSION = YES;
				CLANG_WARN_DEPRECATED_OBJC_IMPLEMENTATIONS = YES;
				CLANG_WARN_DIRECT_OBJC_ISA_USAGE = YES_ERROR;
				CLANG_WARN_DOCUMENTATION_COMMENTS = YES;
				CLANG_WARN_EMPTY_BODY = YES;
				CLANG_WARN_ENUM_CONVERSION = YES;
				CLANG_WARN_INFINITE_RECURSION = YES;
				CLANG_WARN_INT_CONVERSION = YES;
				CLANG_WARN_NON_LITERAL_NULL_CONVERSION = YES;
				CLANG_WARN_OBJC_IMPLICIT_RETAIN_SELF = YES;
				CLANG_WARN_OBJC_LITERAL_CONVERSION = YES;
				CLANG_WARN_OBJC_ROOT_CLASS = YES_ERROR;
				CLANG_WARN_QUOTED_INCLUDE_IN_FRAMEWORK_HEADER = YES;
				CLANG_WARN_RANGE_LOOP_ANALYSIS = YES;
				CLANG_WARN_STRICT_PROTOTYPES = YES;
				CLANG_WARN_SUSPICIOUS_MOVE = YES;
				CLANG_WARN_UNGUARDED_AVAILABILITY = YES_AGGRESSIVE;
				CLANG_WARN_UNREACHABLE_CODE = YES;
				CLANG_WARN__DUPLICATE_METHOD_MATCH = YES;
				COPY_PHASE_STRIP = NO;
				DEBUG_INFORMATION_FORMAT = "dwarf-with-dsym";
				ENABLE_NS_ASSERTIONS = NO;
				ENABLE_STRICT_OBJC_MSGSEND = YES;
				GCC_C_LANGUAGE_STANDARD = gnu11;
				GCC_NO_COMMON_BLOCKS = YES;
				GCC_WARN_64_TO_32_BIT_CONVERSION = YES;
				GCC_WARN_ABOUT_RETURN_TYPE = YES_ERROR;
				GCC_WARN_UNDECLARED_SELECTOR = YES;
				GCC_WARN_UNINITIALIZED_AUTOS = YES_AGGRESSIVE;
				GCC_WARN_UNUSED_FUNCTION = YES;
				GCC_WARN_UNUSED_VARIABLE = YES;
				IPHONEOS_DEPLOYMENT_TARGET = 14.4;
				MTL_ENABLE_DEBUG_INFO = NO;
				MTL_FAST_MATH = YES;
				SDKROOT = iphoneos;
				SWIFT_COMPILATION_MODE = wholemodule;
				SWIFT_OPTIMIZATION_LEVEL = "-O";
				VALIDATE_PRODUCT = YES;
			};
			name = Release;
		};
		5203A7CE2695CEB60042FEF3 /* Debug */ = {
			isa = XCBuildConfiguration;
			buildSettings = {
				ASSETCATALOG_COMPILER_APPICON_NAME = AppIcon;
				ASSETCATALOG_COMPILER_GLOBAL_ACCENT_COLOR_NAME = AccentColor;
				CODE_SIGN_STYLE = Automatic;
				DEVELOPMENT_TEAM = RWU4M8Y9HU;
				INFOPLIST_FILE = InstagramRedesigned/Info.plist;
				LD_RUNPATH_SEARCH_PATHS = (
					"$(inherited)",
					"@executable_path/Frameworks",
				);
				PRODUCT_BUNDLE_IDENTIFIER = Kostatyyy.InstagramRedesigned;
				PRODUCT_NAME = "$(TARGET_NAME)";
				SWIFT_VERSION = 5.0;
				TARGETED_DEVICE_FAMILY = "1,2";
			};
			name = Debug;
		};
		5203A7CF2695CEB60042FEF3 /* Release */ = {
			isa = XCBuildConfiguration;
			buildSettings = {
				ASSETCATALOG_COMPILER_APPICON_NAME = AppIcon;
				ASSETCATALOG_COMPILER_GLOBAL_ACCENT_COLOR_NAME = AccentColor;
				CODE_SIGN_STYLE = Automatic;
				DEVELOPMENT_TEAM = RWU4M8Y9HU;
				INFOPLIST_FILE = InstagramRedesigned/Info.plist;
				LD_RUNPATH_SEARCH_PATHS = (
					"$(inherited)",
					"@executable_path/Frameworks",
				);
				PRODUCT_BUNDLE_IDENTIFIER = Kostatyyy.InstagramRedesigned;
				PRODUCT_NAME = "$(TARGET_NAME)";
				SWIFT_VERSION = 5.0;
				TARGETED_DEVICE_FAMILY = "1,2";
			};
			name = Release;
		};
/* End XCBuildConfiguration section */

/* Begin XCConfigurationList section */
		5203A7B42695CEB30042FEF3 /* Build configuration list for PBXProject "InstagramRedesigned" */ = {
			isa = XCConfigurationList;
			buildConfigurations = (
				5203A7CB2695CEB60042FEF3 /* Debug */,
				5203A7CC2695CEB60042FEF3 /* Release */,
			);
			defaultConfigurationIsVisible = 0;
			defaultConfigurationName = Release;
		};
		5203A7CD2695CEB60042FEF3 /* Build configuration list for PBXNativeTarget "InstagramRedesigned" */ = {
			isa = XCConfigurationList;
			buildConfigurations = (
				5203A7CE2695CEB60042FEF3 /* Debug */,
				5203A7CF2695CEB60042FEF3 /* Release */,
			);
			defaultConfigurationIsVisible = 0;
			defaultConfigurationName = Release;
		};
/* End XCConfigurationList section */
	};
	rootObject = 5203A7B12695CEB30042FEF3 /* Project object */;
}
